
Microsoft Visual Studio Solution File, Format Version 12.00
# Visual Studio Version 17
VisualStudioVersion = 17.14.36511.14 d17.14
MinimumVisualStudioVersion = 10.0.40219.1
Project("{FAE04EC0-301F-11D3-BF4B-00C04F79EFBC}") = "comp2", "comp2\comp2.csproj", "{206B4767-7AEA-4456-B57A-C3FF6E262B38}"
EndProject
Global
	GlobalSection(SolutionConfigurationPlatforms) = preSolution
		Debug|Any CPU = Debug|Any CPU
		Release|Any CPU = Release|Any CPU
	EndGlobalSection
	GlobalSection(ProjectConfigurationPlatforms) = postSolution
		{206B4767-7AEA-4456-B57A-C3FF6E262B38}.Debug|Any CPU.ActiveCfg = Debug|Any CPU
		{206B4767-7AEA-4456-B57A-C3FF6E262B38}.Debug|Any CPU.Build.0 = Debug|Any CPU
		{206B4767-7AEA-4456-B57A-C3FF6E262B38}.Release|Any CPU.ActiveCfg = Release|Any CPU
		{206B4767-7AEA-4456-B57A-C3FF6E262B38}.Release|Any CPU.Build.0 = Release|Any CPU
	EndGlobalSection
	GlobalSection(SolutionProperties) = preSolution
		HideSolutionNode = FALSE
	EndGlobalSection
	GlobalSection(ExtensibilityGlobals) = postSolution
		SolutionGuid = {43900F7E-ABCA-4FDC-B81C-44C2A22709E0}
	EndGlobalSection
EndGlobal
